
Microsoft Visual Studio Solution File, Format Version 12.00
# Visual Studio Version 16
VisualStudioVersion = 16.0.30406.217
MinimumVisualStudioVersion = 10.0.40219.1
Project("{FAE04EC0-301F-11D3-BF4B-00C04F79EFBC}") = "IntroSQL", "IntroSQL\IntroSQL.csproj", "{CE4F95D5-F6D9-49E5-99BB-E5CEB4B9DF2E}"
EndProject
Global
	GlobalSection(SolutionConfigurationPlatforms) = preSolution
		Debug|Any CPU = Debug|Any CPU
		Release|Any CPU = Release|Any CPU
	EndGlobalSection
	GlobalSection(ProjectConfigurationPlatforms) = postSolution
		{CE4F95D5-F6D9-49E5-99BB-E5CEB4B9DF2E}.Debug|Any CPU.ActiveCfg = Debug|Any CPU
		{CE4F95D5-F6D9-49E5-99BB-E5CEB4B9DF2E}.Debug|Any CPU.Build.0 = Debug|Any CPU
		{CE4F95D5-F6D9-49E5-99BB-E5CEB4B9DF2E}.Release|Any CPU.ActiveCfg = Release|Any CPU
		{CE4F95D5-F6D9-49E5-99BB-E5CEB4B9DF2E}.Release|Any CPU.Build.0 = Release|Any CPU
	EndGlobalSection
	GlobalSection(SolutionProperties) = preSolution
		HideSolutionNode = FALSE
	EndGlobalSection
	GlobalSection(ExtensibilityGlobals) = postSolution
		SolutionGuid = {FBE060F6-E861-4903-A496-B483E3F83B1D}
	EndGlobalSection
EndGlobal
